
Microsoft Visual Studio Solution File, Format Version 12.00
# Visual Studio Version 17
VisualStudioVersion = 17.5.002.0
MinimumVisualStudioVersion = 10.0.40219.1
Project("{9A19103F-16F7-4668-BE54-9A1E7A4F7556}") = "Final", "Final\Final.csproj", "{7261ACFD-FDBA-4E6E-9EFF-01B4BE6845FC}"
EndProject
Project("{9A19103F-16F7-4668-BE54-9A1E7A4F7556}") = "Starter", "Starter\Starter.csproj", "{A7C4AF02-A92B-44B9-853C-9BD7FFCCDBDC}"
EndProject
Global
	GlobalSection(SolutionConfigurationPlatforms) = preSolution
		Debug|Any CPU = Debug|Any CPU
		Release|Any CPU = Release|Any CPU
	EndGlobalSection
	GlobalSection(ProjectConfigurationPlatforms) = postSolution
		{7261ACFD-FDBA-4E6E-9EFF-01B4BE6845FC}.Debug|Any CPU.ActiveCfg = Debug|Any CPU
		{7261ACFD-FDBA-4E6E-9EFF-01B4BE6845FC}.Debug|Any CPU.Build.0 = Debug|Any CPU
		{7261ACFD-FDBA-4E6E-9EFF-01B4BE6845FC}.Release|Any CPU.ActiveCfg = Release|Any CPU
		{7261ACFD-FDBA-4E6E-9EFF-01B4BE6845FC}.Release|Any CPU.Build.0 = Release|Any CPU
		{A7C4AF02-A92B-44B9-853C-9BD7FFCCDBDC}.Debug|Any CPU.ActiveCfg = Debug|Any CPU
		{A7C4AF02-A92B-44B9-853C-9BD7FFCCDBDC}.Debug|Any CPU.Build.0 = Debug|Any CPU
		{A7C4AF02-A92B-44B9-853C-9BD7FFCCDBDC}.Release|Any CPU.ActiveCfg = Release|Any CPU
		{A7C4AF02-A92B-44B9-853C-9BD7FFCCDBDC}.Release|Any CPU.Build.0 = Release|Any CPU
	EndGlobalSection
	GlobalSection(SolutionProperties) = preSolution
		HideSolutionNode = FALSE
	EndGlobalSection
	GlobalSection(ExtensibilityGlobals) = postSolution
		SolutionGuid = {8B18F318-998C-4E28-A7A5-89F2FE3130C5}
	EndGlobalSection
EndGlobal
